
Microsoft Visual Studio Solution File, Format Version 12.00
# Visual Studio Version 16
VisualStudioVersion = 16.0.30717.126
MinimumVisualStudioVersion = 10.0.40219.1
Project("{FAE04EC0-301F-11D3-BF4B-00C04F79EFBC}") = "coffee-machine", "coffee-machine.csproj", "{0A06FCC3-DD79-4A9E-B987-19A041646BDA}"
EndProject
Global
	GlobalSection(SolutionConfigurationPlatforms) = preSolution
		Debug|Any CPU = Debug|Any CPU
		Release|Any CPU = Release|Any CPU
	EndGlobalSection
	GlobalSection(ProjectConfigurationPlatforms) = postSolution
		{0A06FCC3-DD79-4A9E-B987-19A041646BDA}.Debug|Any CPU.ActiveCfg = Debug|Any CPU
		{0A06FCC3-DD79-4A9E-B987-19A041646BDA}.Debug|Any CPU.Build.0 = Debug|Any CPU
		{0A06FCC3-DD79-4A9E-B987-19A041646BDA}.Release|Any CPU.ActiveCfg = Release|Any CPU
		{0A06FCC3-DD79-4A9E-B987-19A041646BDA}.Release|Any CPU.Build.0 = Release|Any CPU
	EndGlobalSection
	GlobalSection(SolutionProperties) = preSolution
		HideSolutionNode = FALSE
	EndGlobalSection
	GlobalSection(ExtensibilityGlobals) = postSolution
		SolutionGuid = {7C558D18-8C71-4B01-BED5-AA24AAA97297}
	EndGlobalSection
EndGlobal
